
Microsoft Visual Studio Solution File, Format Version 12.00
# Visual Studio 15
VisualStudioVersion = 15.0.26124.0
MinimumVisualStudioVersion = 15.0.26124.0
Project("{FAE04EC0-301F-11D3-BF4B-00C04F79EFBC}") = "CombatKataRPG.Commons", "CombatKataRPG.Commons\CombatKataRPG.Commons.csproj", "{CD3A1C9D-46F3-4A6B-BFA0-4B592DA9E119}"
EndProject
Project("{FAE04EC0-301F-11D3-BF4B-00C04F79EFBC}") = "CombatKataRPG.Commons.Tests", "CombatKataRPG.Commons.Tests\CombatKataRPG.Commons.Tests.csproj", "{EB3F2237-1A87-4A9C-B35C-74175470502A}"
EndProject
Project("{FAE04EC0-301F-11D3-BF4B-00C04F79EFBC}") = "CombatKataRPG", "CombatKataRPG\CombatKataRPG.csproj", "{99E11B80-890E-4EF7-BA0B-104D017C009C}"
EndProject
Global
	GlobalSection(SolutionConfigurationPlatforms) = preSolution
		Debug|Any CPU = Debug|Any CPU
		Debug|x64 = Debug|x64
		Debug|x86 = Debug|x86
		Release|Any CPU = Release|Any CPU
		Release|x64 = Release|x64
		Release|x86 = Release|x86
	EndGlobalSection
	GlobalSection(SolutionProperties) = preSolution
		HideSolutionNode = FALSE
	EndGlobalSection
	GlobalSection(ProjectConfigurationPlatforms) = postSolution
		{CD3A1C9D-46F3-4A6B-BFA0-4B592DA9E119}.Debug|Any CPU.ActiveCfg = Debug|Any CPU
		{CD3A1C9D-46F3-4A6B-BFA0-4B592DA9E119}.Debug|Any CPU.Build.0 = Debug|Any CPU
		{CD3A1C9D-46F3-4A6B-BFA0-4B592DA9E119}.Debug|x64.ActiveCfg = Debug|Any CPU
		{CD3A1C9D-46F3-4A6B-BFA0-4B592DA9E119}.Debug|x64.Build.0 = Debug|Any CPU
		{CD3A1C9D-46F3-4A6B-BFA0-4B592DA9E119}.Debug|x86.ActiveCfg = Debug|Any CPU
		{CD3A1C9D-46F3-4A6B-BFA0-4B592DA9E119}.Debug|x86.Build.0 = Debug|Any CPU
		{CD3A1C9D-46F3-4A6B-BFA0-4B592DA9E119}.Release|Any CPU.ActiveCfg = Release|Any CPU
		{CD3A1C9D-46F3-4A6B-BFA0-4B592DA9E119}.Release|Any CPU.Build.0 = Release|Any CPU
		{CD3A1C9D-46F3-4A6B-BFA0-4B592DA9E119}.Release|x64.ActiveCfg = Release|Any CPU
		{CD3A1C9D-46F3-4A6B-BFA0-4B592DA9E119}.Release|x64.Build.0 = Release|Any CPU
		{CD3A1C9D-46F3-4A6B-BFA0-4B592DA9E119}.Release|x86.ActiveCfg = Release|Any CPU
		{CD3A1C9D-46F3-4A6B-BFA0-4B592DA9E119}.Release|x86.Build.0 = Release|Any CPU
		{EB3F2237-1A87-4A9C-B35C-74175470502A}.Debug|Any CPU.ActiveCfg = Debug|Any CPU
		{EB3F2237-1A87-4A9C-B35C-74175470502A}.Debug|Any CPU.Build.0 = Debug|Any CPU
		{EB3F2237-1A87-4A9C-B35C-74175470502A}.Debug|x64.ActiveCfg = Debug|Any CPU
		{EB3F2237-1A87-4A9C-B35C-74175470502A}.Debug|x64.Build.0 = Debug|Any CPU
		{EB3F2237-1A87-4A9C-B35C-74175470502A}.Debug|x86.ActiveCfg = Debug|Any CPU
		{EB3F2237-1A87-4A9C-B35C-74175470502A}.Debug|x86.Build.0 = Debug|Any CPU
		{EB3F2237-1A87-4A9C-B35C-74175470502A}.Release|Any CPU.ActiveCfg = Release|Any CPU
		{EB3F2237-1A87-4A9C-B35C-74175470502A}.Release|Any CPU.Build.0 = Release|Any CPU
		{EB3F2237-1A87-4A9C-B35C-74175470502A}.Release|x64.ActiveCfg = Release|Any CPU
		{EB3F2237-1A87-4A9C-B35C-74175470502A}.Release|x64.Build.0 = Release|Any CPU
		{EB3F2237-1A87-4A9C-B35C-74175470502A}.Release|x86.ActiveCfg = Release|Any CPU
		{EB3F2237-1A87-4A9C-B35C-74175470502A}.Release|x86.Build.0 = Release|Any CPU
		{99E11B80-890E-4EF7-BA0B-104D017C009C}.Debug|Any CPU.ActiveCfg = Debug|Any CPU
		{99E11B80-890E-4EF7-BA0B-104D017C009C}.Debug|Any CPU.Build.0 = Debug|Any CPU
		{99E11B80-890E-4EF7-BA0B-104D017C009C}.Debug|x64.ActiveCfg = Debug|Any CPU
		{99E11B80-890E-4EF7-BA0B-104D017C009C}.Debug|x64.Build.0 = Debug|Any CPU
		{99E11B80-890E-4EF7-BA0B-104D017C009C}.Debug|x86.ActiveCfg = Debug|Any CPU
		{99E11B80-890E-4EF7-BA0B-104D017C009C}.Debug|x86.Build.0 = Debug|Any CPU
		{99E11B80-890E-4EF7-BA0B-104D017C009C}.Release|Any CPU.ActiveCfg = Release|Any CPU
		{99E11B80-890E-4EF7-BA0B-104D017C009C}.Release|Any CPU.Build.0 = Release|Any CPU
		{99E11B80-890E-4EF7-BA0B-104D017C009C}.Release|x64.ActiveCfg = Release|Any CPU
		{99E11B80-890E-4EF7-BA0B-104D017C009C}.Release|x64.Build.0 = Release|Any CPU
		{99E11B80-890E-4EF7-BA0B-104D017C009C}.Release|x86.ActiveCfg = Release|Any CPU
		{99E11B80-890E-4EF7-BA0B-104D017C009C}.Release|x86.Build.0 = Release|Any CPU
	EndGlobalSection
EndGlobal
